
Microsoft Visual Studio Solution File, Format Version 12.00
# Visual Studio 15
VisualStudioVersion = 15.0.27004.2002
MinimumVisualStudioVersion = 10.0.40219.1
Project("{FAE04EC0-301F-11D3-BF4B-00C04F79EFBC}") = "BcLib", "BcLib\BcLib.csproj", "{5D44A72A-991C-4305-919B-15273ADCA78F}"
EndProject
Project("{FAE04EC0-301F-11D3-BF4B-00C04F79EFBC}") = "BlockChainConsole", "BlockChainConsole\BlockChainConsole.csproj", "{D5B86670-7D5C-4DAF-AB12-CADC49F5F1A5}"
EndProject
Global
	GlobalSection(SolutionConfigurationPlatforms) = preSolution
		Debug|Any CPU = Debug|Any CPU
		Release|Any CPU = Release|Any CPU
	EndGlobalSection
	GlobalSection(ProjectConfigurationPlatforms) = postSolution
		{5D44A72A-991C-4305-919B-15273ADCA78F}.Debug|Any CPU.ActiveCfg = Debug|Any CPU
		{5D44A72A-991C-4305-919B-15273ADCA78F}.Debug|Any CPU.Build.0 = Debug|Any CPU
		{5D44A72A-991C-4305-919B-15273ADCA78F}.Release|Any CPU.ActiveCfg = Release|Any CPU
		{5D44A72A-991C-4305-919B-15273ADCA78F}.Release|Any CPU.Build.0 = Release|Any CPU
		{D5B86670-7D5C-4DAF-AB12-CADC49F5F1A5}.Debug|Any CPU.ActiveCfg = Debug|Any CPU
		{D5B86670-7D5C-4DAF-AB12-CADC49F5F1A5}.Debug|Any CPU.Build.0 = Debug|Any CPU
		{D5B86670-7D5C-4DAF-AB12-CADC49F5F1A5}.Release|Any CPU.ActiveCfg = Release|Any CPU
		{D5B86670-7D5C-4DAF-AB12-CADC49F5F1A5}.Release|Any CPU.Build.0 = Release|Any CPU
	EndGlobalSection
	GlobalSection(SolutionProperties) = preSolution
		HideSolutionNode = FALSE
	EndGlobalSection
	GlobalSection(ExtensibilityGlobals) = postSolution
		SolutionGuid = {E1617D3C-9427-4FB9-832F-85C4DA666281}
	EndGlobalSection
	GlobalSection(TeamFoundationVersionControl) = preSolution
		SccNumberOfProjects = 3
		SccEnterpriseProvider = {4CA58AB2-18FA-4F8D-95D4-32DDF27D184C}
		SccTeamFoundationServer = https://cdevillez.visualstudio.com/
		SccLocalPath0 = .
		SccProjectUniqueName1 = BcLib\\BcLib.csproj
		SccProjectName1 = BcLib
		SccLocalPath1 = BcLib
		SccProjectUniqueName2 = BlockChainConsole\\BlockChainConsole.csproj
		SccProjectName2 = BlockChainConsole
		SccLocalPath2 = BlockChainConsole
	EndGlobalSection
EndGlobal
